
Microsoft Visual Studio Solution File, Format Version 12.00
# Visual Studio 14
VisualStudioVersion = 14.0.25420.1
MinimumVisualStudioVersion = 10.0.40219.1
Project("{F184B08F-C81C-45F6-A57F-5ABD9991F28F}") = "arabul", "arabul\arabul.vbproj", "{A40FBC6D-317A-42F6-B255-3A932A10AF13}"
EndProject
Global
	GlobalSection(SolutionConfigurationPlatforms) = preSolution
		Debug|Any CPU = Debug|Any CPU
		Release|Any CPU = Release|Any CPU
	EndGlobalSection
	GlobalSection(ProjectConfigurationPlatforms) = postSolution
		{A40FBC6D-317A-42F6-B255-3A932A10AF13}.Debug|Any CPU.ActiveCfg = Debug|Any CPU
		{A40FBC6D-317A-42F6-B255-3A932A10AF13}.Debug|Any CPU.Build.0 = Debug|Any CPU
		{A40FBC6D-317A-42F6-B255-3A932A10AF13}.Release|Any CPU.ActiveCfg = Release|Any CPU
		{A40FBC6D-317A-42F6-B255-3A932A10AF13}.Release|Any CPU.Build.0 = Release|Any CPU
	EndGlobalSection
	GlobalSection(SolutionProperties) = preSolution
		HideSolutionNode = FALSE
	EndGlobalSection
EndGlobal
